
Microsoft Visual Studio Solution File, Format Version 12.00
# Visual Studio Version 17
VisualStudioVersion = 17.3.32825.248
MinimumVisualStudioVersion = 10.0.40219.1
Project("{9A19103F-16F7-4668-BE54-9A1E7A4F7556}") = "ECommerce.CustomerSite", "ECommerce.CustomerSite\ECommerce.CustomerSite.csproj", "{69802F58-4EA5-4977-9081-647DF1B151DE}"
EndProject
Project("{9A19103F-16F7-4668-BE54-9A1E7A4F7556}") = "ECommerce.Data", "ECommerce.Data\ECommerce.Data.csproj", "{CDCEE49C-1AA1-4AC5-9123-7FD837B1C98E}"
EndProject
Project("{9A19103F-16F7-4668-BE54-9A1E7A4F7556}") = "ECommerce.BackendAPI", "ECommerce.BackendAPI\ECommerce.BackendAPI.csproj", "{031D0D84-D3D1-4829-A08C-56050D5E81C9}"
EndProject
Project("{9A19103F-16F7-4668-BE54-9A1E7A4F7556}") = "ECommerce.SharedView", "ECommerce.SharedView\ECommerce.SharedView.csproj", "{F4AC021C-89F5-4AF0-99BF-02453D7756C0}"
EndProject
Project("{FAE04EC0-301F-11D3-BF4B-00C04F79EFBC}") = "ECommerce.TestBackendAPI", "ECommerce.TestBackendAPI\ECommerce.TestBackendAPI.csproj", "{D7B7B05E-B3DA-4B0A-B4A4-5AEEF669DB78}"
EndProject
Global
	GlobalSection(SolutionConfigurationPlatforms) = preSolution
		Debug|Any CPU = Debug|Any CPU
		Release|Any CPU = Release|Any CPU
	EndGlobalSection
	GlobalSection(ProjectConfigurationPlatforms) = postSolution
		{69802F58-4EA5-4977-9081-647DF1B151DE}.Debug|Any CPU.ActiveCfg = Debug|Any CPU
		{69802F58-4EA5-4977-9081-647DF1B151DE}.Debug|Any CPU.Build.0 = Debug|Any CPU
		{69802F58-4EA5-4977-9081-647DF1B151DE}.Release|Any CPU.ActiveCfg = Release|Any CPU
		{69802F58-4EA5-4977-9081-647DF1B151DE}.Release|Any CPU.Build.0 = Release|Any CPU
		{CDCEE49C-1AA1-4AC5-9123-7FD837B1C98E}.Debug|Any CPU.ActiveCfg = Debug|Any CPU
		{CDCEE49C-1AA1-4AC5-9123-7FD837B1C98E}.Debug|Any CPU.Build.0 = Debug|Any CPU
		{CDCEE49C-1AA1-4AC5-9123-7FD837B1C98E}.Release|Any CPU.ActiveCfg = Release|Any CPU
		{CDCEE49C-1AA1-4AC5-9123-7FD837B1C98E}.Release|Any CPU.Build.0 = Release|Any CPU
		{031D0D84-D3D1-4829-A08C-56050D5E81C9}.Debug|Any CPU.ActiveCfg = Debug|Any CPU
		{031D0D84-D3D1-4829-A08C-56050D5E81C9}.Debug|Any CPU.Build.0 = Debug|Any CPU
		{031D0D84-D3D1-4829-A08C-56050D5E81C9}.Release|Any CPU.ActiveCfg = Release|Any CPU
		{031D0D84-D3D1-4829-A08C-56050D5E81C9}.Release|Any CPU.Build.0 = Release|Any CPU
		{F4AC021C-89F5-4AF0-99BF-02453D7756C0}.Debug|Any CPU.ActiveCfg = Debug|Any CPU
		{F4AC021C-89F5-4AF0-99BF-02453D7756C0}.Debug|Any CPU.Build.0 = Debug|Any CPU
		{F4AC021C-89F5-4AF0-99BF-02453D7756C0}.Release|Any CPU.ActiveCfg = Release|Any CPU
		{F4AC021C-89F5-4AF0-99BF-02453D7756C0}.Release|Any CPU.Build.0 = Release|Any CPU
		{D7B7B05E-B3DA-4B0A-B4A4-5AEEF669DB78}.Debug|Any CPU.ActiveCfg = Debug|Any CPU
		{D7B7B05E-B3DA-4B0A-B4A4-5AEEF669DB78}.Debug|Any CPU.Build.0 = Debug|Any CPU
		{D7B7B05E-B3DA-4B0A-B4A4-5AEEF669DB78}.Release|Any CPU.ActiveCfg = Release|Any CPU
		{D7B7B05E-B3DA-4B0A-B4A4-5AEEF669DB78}.Release|Any CPU.Build.0 = Release|Any CPU
	EndGlobalSection
	GlobalSection(SolutionProperties) = preSolution
		HideSolutionNode = FALSE
	EndGlobalSection
	GlobalSection(ExtensibilityGlobals) = postSolution
		SolutionGuid = {7EB9B641-9A88-4235-BD1B-BC3815F9F8A0}
	EndGlobalSection
EndGlobal
